
Microsoft Visual Studio Solution File, Format Version 11.00
# Visual Studio 2010
Project("{8BC9CEB8-8B4A-11D0-8D11-00A0C91BC942}") = "OrderBook", "OrderBook.vcxproj", "{C96CE338-08A2-4881-8E27-CE54A179C122}"
EndProject
Global
	GlobalSection(SolutionConfigurationPlatforms) = preSolution
		Debug|Win32 = Debug|Win32
		Release|Win32 = Release|Win32
	EndGlobalSection
	GlobalSection(ProjectConfigurationPlatforms) = postSolution
		{C96CE338-08A2-4881-8E27-CE54A179C122}.Debug|Win32.ActiveCfg = Debug|Win32
		{C96CE338-08A2-4881-8E27-CE54A179C122}.Debug|Win32.Build.0 = Debug|Win32
		{C96CE338-08A2-4881-8E27-CE54A179C122}.Release|Win32.ActiveCfg = Release|Win32
		{C96CE338-08A2-4881-8E27-CE54A179C122}.Release|Win32.Build.0 = Release|Win32
	EndGlobalSection
	GlobalSection(SolutionProperties) = preSolution
		HideSolutionNode = FALSE
	EndGlobalSection
EndGlobal
